
Microsoft Visual Studio Solution File, Format Version 12.00
# Visual Studio Version 17
VisualStudioVersion = 17.14.36401.2 d17.14
MinimumVisualStudioVersion = 10.0.40219.1
Project("{FAE04EC0-301F-11D3-BF4B-00C04F79EFBC}") = "EnergyLegacyApp.Business", "EnergyLegacyApp.Business\EnergyLegacyApp.Business.csproj", "{232AB5A1-3B53-4F5D-A554-BB05AD99C764}"
EndProject
Project("{FAE04EC0-301F-11D3-BF4B-00C04F79EFBC}") = "EnergyLegacyApp.Data", "EnergyLegacyApp.Data\EnergyLegacyApp.Data.csproj", "{A1B2C3D4-5E6F-7890-ABCD-EF1234567890}"
EndProject
Global
	GlobalSection(SolutionConfigurationPlatforms) = preSolution
		Debug|Any CPU = Debug|Any CPU
		Release|Any CPU = Release|Any CPU
	EndGlobalSection
	GlobalSection(ProjectConfigurationPlatforms) = postSolution
		{232AB5A1-3B53-4F5D-A554-BB05AD99C764}.Debug|Any CPU.ActiveCfg = Debug|Any CPU
		{232AB5A1-3B53-4F5D-A554-BB05AD99C764}.Debug|Any CPU.Build.0 = Debug|Any CPU
		{232AB5A1-3B53-4F5D-A554-BB05AD99C764}.Release|Any CPU.ActiveCfg = Release|Any CPU
		{232AB5A1-3B53-4F5D-A554-BB05AD99C764}.Release|Any CPU.Build.0 = Release|Any CPU
		{A1B2C3D4-5E6F-7890-ABCD-EF1234567890}.Debug|Any CPU.ActiveCfg = Debug|Any CPU
		{A1B2C3D4-5E6F-7890-ABCD-EF1234567890}.Debug|Any CPU.Build.0 = Debug|Any CPU
		{A1B2C3D4-5E6F-7890-ABCD-EF1234567890}.Release|Any CPU.ActiveCfg = Release|Any CPU
		{A1B2C3D4-5E6F-7890-ABCD-EF1234567890}.Release|Any CPU.Build.0 = Release|Any CPU
	EndGlobalSection
	GlobalSection(SolutionProperties) = preSolution
		HideSolutionNode = FALSE
	EndGlobalSection
	GlobalSection(ExtensibilityGlobals) = postSolution
		SolutionGuid = {00E2245C-8FCC-4135-B553-6F40A884C01A}
	EndGlobalSection
EndGlobal
